# THIS IS AN AUTOGENERATED FILE. DO NOT EDIT THIS FILE DIRECTLY.
# yarn lockfile v1


"@awdware/eslint-config-base@^0.0.2":
  version "0.0.2"
  resolved "https://registry.yarnpkg.com/@awdware/eslint-config-base/-/eslint-config-base-0.0.2.tgz#b171c84de92649647d6d9a21049bdcdd480e0957"
  integrity sha512-Et9Xcyd+9+M40k0guB1XlyxVg9cXCSs54vi49yOHofjzpbCN7lbyb+zdqzXi5dW1DfzPSu8QZhv41fmP2HJ/Ow==
